// !$*UTF8*$!
{
	archiveVersion = 1;
	classes = {
	};
	objectVersion = 55;
	objects = {

/* Begin PBXBuildFile section */
		7C94A801283FDE5B008A72A3 /* DetailViewController.swift in Sources */ = {isa = PBXBuildFile; fileRef = 7C94A800283FDE5B008A72A3 /* DetailViewController.swift */; };
		7C94A803283FDF6A008A72A3 /* DetailViewModelType.swift in Sources */ = {isa = PBXBuildFile; fileRef = 7C94A802283FDF6A008A72A3 /* DetailViewModelType.swift */; };
		7C94A805283FE01A008A72A3 /* DetailViewModel.swift in Sources */ = {isa = PBXBuildFile; fileRef = 7C94A804283FE01A008A72A3 /* DetailViewModel.swift */; };
		7CDA04842837F67400AD2630 /* AppDelegate.swift in Sources */ = {isa = PBXBuildFile; fileRef = 7CDA04832837F67400AD2630 /* AppDelegate.swift */; };
		7CDA04862837F67400AD2630 /* SceneDelegate.swift in Sources */ = {isa = PBXBuildFile; fileRef = 7CDA04852837F67400AD2630 /* SceneDelegate.swift */; };
		7CDA048B2837F67400AD2630 /* Main.storyboard in Resources */ = {isa = PBXBuildFile; fileRef = 7CDA04892837F67400AD2630 /* Main.storyboard */; };
		7CDA048D2837F67500AD2630 /* Assets.xcassets in Resources */ = {isa = PBXBuildFile; fileRef = 7CDA048C2837F67500AD2630 /* Assets.xcassets */; };
		7CDA04902837F67500AD2630 /* LaunchScreen.storyboard in Resources */ = {isa = PBXBuildFile; fileRef = 7CDA048E2837F67500AD2630 /* LaunchScreen.storyboard */; };
		7CDA04982837F6E000AD2630 /* TableViewController.swift in Sources */ = {isa = PBXBuildFile; fileRef = 7CDA04972837F6E000AD2630 /* TableViewController.swift */; };
		7CDA049A2837F71B00AD2630 /* Profile.swift in Sources */ = {isa = PBXBuildFile; fileRef = 7CDA04992837F71B00AD2630 /* Profile.swift */; };
		7CDA049C2837F8F100AD2630 /* TableViewCell.swift in Sources */ = {isa = PBXBuildFile; fileRef = 7CDA049B2837F8F100AD2630 /* TableViewCell.swift */; };
		7CDA04A02837FD5F00AD2630 /* ViewModel.swift in Sources */ = {isa = PBXBuildFile; fileRef = 7CDA049F2837FD5F00AD2630 /* ViewModel.swift */; };
		7CDA04A22837FE2E00AD2630 /* TableViewModelType.swift in Sources */ = {isa = PBXBuildFile; fileRef = 7CDA04A12837FE2E00AD2630 /* TableViewModelType.swift */; };
		7CDA04A62838027C00AD2630 /* TableViewCellViewModelType.swift in Sources */ = {isa = PBXBuildFile; fileRef = 7CDA04A52838027C00AD2630 /* TableViewCellViewModelType.swift */; };
		7CDA04A82838034D00AD2630 /* TableViewCellViewModel.swift in Sources */ = {isa = PBXBuildFile; fileRef = 7CDA04A72838034D00AD2630 /* TableViewCellViewModel.swift */; };
/* End PBXBuildFile section */

/* Begin PBXFileReference section */
		7C94A800283FDE5B008A72A3 /* DetailViewController.swift */ = {isa = PBXFileReference; lastKnownFileType = sourcecode.swift; path = DetailViewController.swift; sourceTree = "<group>"; };
		7C94A802283FDF6A008A72A3 /* DetailViewModelType.swift */ = {isa = PBXFileReference; lastKnownFileType = sourcecode.swift; path = DetailViewModelType.swift; sourceTree = "<group>"; };
		7C94A804283FE01A008A72A3 /* DetailViewModel.swift */ = {isa = PBXFileReference; lastKnownFileType = sourcecode.swift; path = DetailViewModel.swift; sourceTree = "<group>"; };
		7CDA04802837F67400AD2630 /* MVVM-2.app */ = {isa = PBXFileReference; explicitFileType = wrapper.application; includeInIndex = 0; path = "MVVM-2.app"; sourceTree = BUILT_PRODUCTS_DIR; };
		7CDA04832837F67400AD2630 /* AppDelegate.swift */ = {isa = PBXFileReference; lastKnownFileType = sourcecode.swift; path = AppDelegate.swift; sourceTree = "<group>"; };
		7CDA04852837F67400AD2630 /* SceneDelegate.swift */ = {isa = PBXFileReference; lastKnownFileType = sourcecode.swift; path = SceneDelegate.swift; sourceTree = "<group>"; };
		7CDA048A2837F67400AD2630 /* Base */ = {isa = PBXFileReference; lastKnownFileType = file.storyboard; name = Base; path = Base.lproj/Main.storyboard; sourceTree = "<group>"; };
		7CDA048C2837F67500AD2630 /* Assets.xcassets */ = {isa = PBXFileReference; lastKnownFileType = folder.assetcatalog; path = Assets.xcassets; sourceTree = "<group>"; };
		7CDA048F2837F67500AD2630 /* Base */ = {isa = PBXFileReference; lastKnownFileType = file.storyboard; name = Base; path = Base.lproj/LaunchScreen.storyboard; sourceTree = "<group>"; };
		7CDA04912837F67500AD2630 /* Info.plist */ = {isa = PBXFileReference; lastKnownFileType = text.plist.xml; path = Info.plist; sourceTree = "<group>"; };
		7CDA04972837F6E000AD2630 /* TableViewController.swift */ = {isa = PBXFileReference; lastKnownFileType = sourcecode.swift; path = TableViewController.swift; sourceTree = "<group>"; };
		7CDA04992837F71B00AD2630 /* Profile.swift */ = {isa = PBXFileReference; lastKnownFileType = sourcecode.swift; path = Profile.swift; sourceTree = "<group>"; };
		7CDA049B2837F8F100AD2630 /* TableViewCell.swift */ = {isa = PBXFileReference; lastKnownFileType = sourcecode.swift; path = TableViewCell.swift; sourceTree = "<group>"; };
		7CDA049F2837FD5F00AD2630 /* ViewModel.swift */ = {isa = PBXFileReference; lastKnownFileType = sourcecode.swift; path = ViewModel.swift; sourceTree = "<group>"; };
		7CDA04A12837FE2E00AD2630 /* TableViewModelType.swift */ = {isa = PBXFileReference; lastKnownFileType = sourcecode.swift; path = TableViewModelType.swift; sourceTree = "<group>"; };
		7CDA04A52838027C00AD2630 /* TableViewCellViewModelType.swift */ = {isa = PBXFileReference; lastKnownFileType = sourcecode.swift; path = TableViewCellViewModelType.swift; sourceTree = "<group>"; };
		7CDA04A72838034D00AD2630 /* TableViewCellViewModel.swift */ = {isa = PBXFileReference; lastKnownFileType = sourcecode.swift; path = TableViewCellViewModel.swift; sourceTree = "<group>"; };
/* End PBXFileReference section */

/* Begin PBXFrameworksBuildPhase section */
		7CDA047D2837F67400AD2630 /* Frameworks */ = {
			isa = PBXFrameworksBuildPhase;
			buildActionMask = 2147483647;
			files = (
			);
			runOnlyForDeploymentPostprocessing = 0;
		};
/* End PBXFrameworksBuildPhase section */

/* Begin PBXGroup section */
		7CDA04772837F67400AD2630 = {
			isa = PBXGroup;
			children = (
				7CDA04822837F67400AD2630 /* MVVM-2 */,
				7CDA04812837F67400AD2630 /* Products */,
			);
			sourceTree = "<group>";
		};
		7CDA04812837F67400AD2630 /* Products */ = {
			isa = PBXGroup;
			children = (
				7CDA04802837F67400AD2630 /* MVVM-2.app */,
			);
			name = Products;
			sourceTree = "<group>";
		};
		7CDA04822837F67400AD2630 /* MVVM-2 */ = {
			isa = PBXGroup;
			children = (
				7CDA04A32837FF3A00AD2630 /* ViewModel */,
				7CDA04A42837FF4300AD2630 /* Protocols */,
				7CDA049E2837F9D900AD2630 /* View */,
				7CDA049D2837F9A700AD2630 /* Model */,
				7CDA04832837F67400AD2630 /* AppDelegate.swift */,
				7CDA04852837F67400AD2630 /* SceneDelegate.swift */,
				7CDA04892837F67400AD2630 /* Main.storyboard */,
				7CDA048C2837F67500AD2630 /* Assets.xcassets */,
				7CDA048E2837F67500AD2630 /* LaunchScreen.storyboard */,
				7CDA04912837F67500AD2630 /* Info.plist */,
			);
			path = "MVVM-2";
			sourceTree = "<group>";
		};
		7CDA049D2837F9A700AD2630 /* Model */ = {
			isa = PBXGroup;
			children = (
				7CDA04992837F71B00AD2630 /* Profile.swift */,
			);
			path = Model;
			sourceTree = "<group>";
		};
		7CDA049E2837F9D900AD2630 /* View */ = {
			isa = PBXGroup;
			children = (
				7CDA04972837F6E000AD2630 /* TableViewController.swift */,
				7C94A800283FDE5B008A72A3 /* DetailViewController.swift */,
				7CDA049B2837F8F100AD2630 /* TableViewCell.swift */,
			);
			path = View;
			sourceTree = "<group>";
		};
		7CDA04A32837FF3A00AD2630 /* ViewModel */ = {
			isa = PBXGroup;
			children = (
				7CDA049F2837FD5F00AD2630 /* ViewModel.swift */,
				7CDA04A72838034D00AD2630 /* TableViewCellViewModel.swift */,
				7C94A804283FE01A008A72A3 /* DetailViewModel.swift */,
			);
			path = ViewModel;
			sourceTree = "<group>";
		};
		7CDA04A42837FF4300AD2630 /* Protocols */ = {
			isa = PBXGroup;
			children = (
				7CDA04A12837FE2E00AD2630 /* TableViewModelType.swift */,
				7CDA04A52838027C00AD2630 /* TableViewCellViewModelType.swift */,
				7C94A802283FDF6A008A72A3 /* DetailViewModelType.swift */,
			);
			path = Protocols;
			sourceTree = "<group>";
		};
/* End PBXGroup section */

/* Begin PBXNativeTarget section */
		7CDA047F2837F67400AD2630 /* MVVM-2 */ = {
			isa = PBXNativeTarget;
			buildConfigurationList = 7CDA04942837F67500AD2630 /* Build configuration list for PBXNativeTarget "MVVM-2" */;
			buildPhases = (
				7CDA047C2837F67400AD2630 /* Sources */,
				7CDA047D2837F67400AD2630 /* Frameworks */,
				7CDA047E2837F67400AD2630 /* Resources */,
			);
			buildRules = (
			);
			dependencies = (
			);
			name = "MVVM-2";
			productName = "MVVM-2";
			productReference = 7CDA04802837F67400AD2630 /* MVVM-2.app */;
			productType = "com.apple.product-type.application";
		};
/* End PBXNativeTarget section */

/* Begin PBXProject section */
		7CDA04782837F67400AD2630 /* Project object */ = {
			isa = PBXProject;
			attributes = {
				BuildIndependentTargetsInParallel = 1;
				LastSwiftUpdateCheck = 1320;
				LastUpgradeCheck = 1320;
				TargetAttributes = {
					7CDA047F2837F67400AD2630 = {
						CreatedOnToolsVersion = 13.2.1;
					};
				};
			};
			buildConfigurationList = 7CDA047B2837F67400AD2630 /* Build configuration list for PBXProject "MVVM-2" */;
			compatibilityVersion = "Xcode 13.0";
			developmentRegion = en;
			hasScannedForEncodings = 0;
			knownRegions = (
				en,
				Base,
			);
			mainGroup = 7CDA04772837F67400AD2630;
			productRefGroup = 7CDA04812837F67400AD2630 /* Products */;
			projectDirPath = "";
			projectRoot = "";
			targets = (
				7CDA047F2837F67400AD2630 /* MVVM-2 */,
			);
		};
/* End PBXProject section */

/* Begin PBXResourcesBuildPhase section */
		7CDA047E2837F67400AD2630 /* Resources */ = {
			isa = PBXResourcesBuildPhase;
			buildActionMask = 2147483647;
			files = (
				7CDA04902837F67500AD2630 /* LaunchScreen.storyboard in Resources */,
				7CDA048D2837F67500AD2630 /* Assets.xcassets in Resources */,
				7CDA048B2837F67400AD2630 /* Main.storyboard in Resources */,
			);
			runOnlyForDeploymentPostprocessing = 0;
		};
/* End PBXResourcesBuildPhase section */

/* Begin PBXSourcesBuildPhase section */
		7CDA047C2837F67400AD2630 /* Sources */ = {
			isa = PBXSourcesBuildPhase;
			buildActionMask = 2147483647;
			files = (
				7CDA04A62838027C00AD2630 /* TableViewCellViewModelType.swift in Sources */,
				7CDA049C2837F8F100AD2630 /* TableViewCell.swift in Sources */,
				7CDA04982837F6E000AD2630 /* TableViewController.swift in Sources */,
				7CDA049A2837F71B00AD2630 /* Profile.swift in Sources */,
				7CDA04842837F67400AD2630 /* AppDelegate.swift in Sources */,
				7CDA04A22837FE2E00AD2630 /* TableViewModelType.swift in Sources */,
				7C94A803283FDF6A008A72A3 /* DetailViewModelType.swift in Sources */,
				7C94A805283FE01A008A72A3 /* DetailViewModel.swift in Sources */,
				7CDA04A82838034D00AD2630 /* TableViewCellViewModel.swift in Sources */,
				7C94A801283FDE5B008A72A3 /* DetailViewController.swift in Sources */,
				7CDA04A02837FD5F00AD2630 /* ViewModel.swift in Sources */,
				7CDA04862837F67400AD2630 /* SceneDelegate.swift in Sources */,
			);
			runOnlyForDeploymentPostprocessing = 0;
		};
/* End PBXSourcesBuildPhase section */

/* Begin PBXVariantGroup section */
		7CDA04892837F67400AD2630 /* Main.storyboard */ = {
			isa = PBXVariantGroup;
			children = (
				7CDA048A2837F67400AD2630 /* Base */,
			);
			name = Main.storyboard;
			sourceTree = "<group>";
		};
		7CDA048E2837F67500AD2630 /* LaunchScreen.storyboard */ = {
			isa = PBXVariantGroup;
			children = (
				7CDA048F2837F67500AD2630 /* Base */,
			);
			name = LaunchScreen.storyboard;
			sourceTree = "<group>";
		};
/* End PBXVariantGroup section */

/* Begin XCBuildConfiguration section */
		7CDA04922837F67500AD2630 /* Debug */ = {
			isa = XCBuildConfiguration;
			buildSettings = {
				ALWAYS_SEARCH_USER_PATHS = NO;
				CLANG_ANALYZER_NONNULL = YES;
				CLANG_ANALYZER_NUMBER_OBJECT_CONVERSION = YES_AGGRESSIVE;
				CLANG_CXX_LANGUAGE_STANDARD = "gnu++17";
				CLANG_CXX_LIBRARY = "libc++";
				CLANG_ENABLE_MODULES = YES;
				CLANG_ENABLE_OBJC_ARC = YES;
				CLANG_ENABLE_OBJC_WEAK = YES;
				CLANG_WARN_BLOCK_CAPTURE_AUTORELEASING = YES;
				CLANG_WARN_BOOL_CONVERSION = YES;
				CLANG_WARN_COMMA = YES;
				CLANG_WARN_CONSTANT_CONVERSION = YES;
				CLANG_WARN_DEPRECATED_OBJC_IMPLEMENTATIONS = YES;
				CLANG_WARN_DIRECT_OBJC_ISA_USAGE = YES_ERROR;
				CLANG_WARN_DOCUMENTATION_COMMENTS = YES;
				CLANG_WARN_EMPTY_BODY = YES;
				CLANG_WARN_ENUM_CONVERSION = YES;
				CLANG_WARN_INFINITE_RECURSION = YES;
				CLANG_WARN_INT_CONVERSION = YES;
				CLANG_WARN_NON_LITERAL_NULL_CONVERSION = YES;
				CLANG_WARN_OBJC_IMPLICIT_RETAIN_SELF = YES;
				CLANG_WARN_OBJC_LITERAL_CONVERSION = YES;
				CLANG_WARN_OBJC_ROOT_CLASS = YES_ERROR;
				CLANG_WARN_QUOTED_INCLUDE_IN_FRAMEWORK_HEADER = YES;
				CLANG_WARN_RANGE_LOOP_ANALYSIS = YES;
				CLANG_WARN_STRICT_PROTOTYPES = YES;
				CLANG_WARN_SUSPICIOUS_MOVE = YES;
				CLANG_WARN_UNGUARDED_AVAILABILITY = YES_AGGRESSIVE;
				CLANG_WARN_UNREACHABLE_CODE = YES;
				CLANG_WARN__DUPLICATE_METHOD_MATCH = YES;
				COPY_PHASE_STRIP = NO;
				DEBUG_INFORMATION_FORMAT = dwarf;
				ENABLE_STRICT_OBJC_MSGSEND = YES;
				ENABLE_TESTABILITY = YES;
				GCC_C_LANGUAGE_STANDARD = gnu11;
				GCC_DYNAMIC_NO_PIC = NO;
				GCC_NO_COMMON_BLOCKS = YES;
				GCC_OPTIMIZATION_LEVEL = 0;
				GCC_PREPROCESSOR_DEFINITIONS = (
					"DEBUG=1",
					"$(inherited)",
				);
				GCC_WARN_64_TO_32_BIT_CONVERSION = YES;
				GCC_WARN_ABOUT_RETURN_TYPE = YES_ERROR;
				GCC_WARN_UNDECLARED_SELECTOR = YES;
				GCC_WARN_UNINITIALIZED_AUTOS = YES_AGGRESSIVE;
				GCC_WARN_UNUSED_FUNCTION = YES;
				GCC_WARN_UNUSED_VARIABLE = YES;
				IPHONEOS_DEPLOYMENT_TARGET = 15.2;
				MTL_ENABLE_DEBUG_INFO = INCLUDE_SOURCE;
				MTL_FAST_MATH = YES;
				ONLY_ACTIVE_ARCH = YES;
				SDKROOT = iphoneos;
				SWIFT_ACTIVE_COMPILATION_CONDITIONS = DEBUG;
				SWIFT_OPTIMIZATION_LEVEL = "-Onone";
			};
			name = Debug;
		};
		7CDA04932837F67500AD2630 /* Release */ = {
			isa = XCBuildConfiguration;
			buildSettings = {
				ALWAYS_SEARCH_USER_PATHS = NO;
				CLANG_ANALYZER_NONNULL = YES;
				CLANG_ANALYZER_NUMBER_OBJECT_CONVERSION = YES_AGGRESSIVE;
				CLANG_CXX_LANGUAGE_STANDARD = "gnu++17";
				CLANG_CXX_LIBRARY = "libc++";
				CLANG_ENABLE_MODULES = YES;
				CLANG_ENABLE_OBJC_ARC = YES;
				CLANG_ENABLE_OBJC_WEAK = YES;
				CLANG_WARN_BLOCK_CAPTURE_AUTORELEASING = YES;
				CLANG_WARN_BOOL_CONVERSION = YES;
				CLANG_WARN_COMMA = YES;
				CLANG_WARN_CONSTANT_CONVERSION = YES;
				CLANG_WARN_DEPRECATED_OBJC_IMPLEMENTATIONS = YES;
				CLANG_WARN_DIRECT_OBJC_ISA_USAGE = YES_ERROR;
				CLANG_WARN_DOCUMENTATION_COMMENTS = YES;
				CLANG_WARN_EMPTY_BODY = YES;
				CLANG_WARN_ENUM_CONVERSION = YES;
				CLANG_WARN_INFINITE_RECURSION = YES;
				CLANG_WARN_INT_CONVERSION = YES;
				CLANG_WARN_NON_LITERAL_NULL_CONVERSION = YES;
				CLANG_WARN_OBJC_IMPLICIT_RETAIN_SELF = YES;
				CLANG_WARN_OBJC_LITERAL_CONVERSION = YES;
				CLANG_WARN_OBJC_ROOT_CLASS = YES_ERROR;
				CLANG_WARN_QUOTED_INCLUDE_IN_FRAMEWORK_HEADER = YES;
				CLANG_WARN_RANGE_LOOP_ANALYSIS = YES;
				CLANG_WARN_STRICT_PROTOTYPES = YES;
				CLANG_WARN_SUSPICIOUS_MOVE = YES;
				CLANG_WARN_UNGUARDED_AVAILABILITY = YES_AGGRESSIVE;
				CLANG_WARN_UNREACHABLE_CODE = YES;
				CLANG_WARN__DUPLICATE_METHOD_MATCH = YES;
				COPY_PHASE_STRIP = NO;
				DEBUG_INFORMATION_FORMAT = "dwarf-with-dsym";
				ENABLE_NS_ASSERTIONS = NO;
				ENABLE_STRICT_OBJC_MSGSEND = YES;
				GCC_C_LANGUAGE_STANDARD = gnu11;
				GCC_NO_COMMON_BLOCKS = YES;
				GCC_WARN_64_TO_32_BIT_CONVERSION = YES;
				GCC_WARN_ABOUT_RETURN_TYPE = YES_ERROR;
				GCC_WARN_UNDECLARED_SELECTOR = YES;
				GCC_WARN_UNINITIALIZED_AUTOS = YES_AGGRESSIVE;
				GCC_WARN_UNUSED_FUNCTION = YES;
				GCC_WARN_UNUSED_VARIABLE = YES;
				IPHONEOS_DEPLOYMENT_TARGET = 15.2;
				MTL_ENABLE_DEBUG_INFO = NO;
				MTL_FAST_MATH = YES;
				SDKROOT = iphoneos;
				SWIFT_COMPILATION_MODE = wholemodule;
				SWIFT_OPTIMIZATION_LEVEL = "-O";
				VALIDATE_PRODUCT = YES;
			};
			name = Release;
		};
		7CDA04952837F67500AD2630 /* Debug */ = {
			isa = XCBuildConfiguration;
			buildSettings = {
				ASSETCATALOG_COMPILER_APPICON_NAME = AppIcon;
				ASSETCATALOG_COMPILER_GLOBAL_ACCENT_COLOR_NAME = AccentColor;
				CODE_SIGN_STYLE = Automatic;
				CURRENT_PROJECT_VERSION = 1;
				DEVELOPMENT_TEAM = CRB59S3C59;
				GENERATE_INFOPLIST_FILE = YES;
				INFOPLIST_FILE = "MVVM-2/Info.plist";
				INFOPLIST_KEY_UIApplicationSupportsIndirectInputEvents = YES;
				INFOPLIST_KEY_UILaunchStoryboardName = LaunchScreen;
				INFOPLIST_KEY_UIMainStoryboardFile = Main;
				INFOPLIST_KEY_UISupportedInterfaceOrientations_iPad = "UIInterfaceOrientationPortrait UIInterfaceOrientationPortraitUpsideDown UIInterfaceOrientationLandscapeLeft UIInterfaceOrientationLandscapeRight";
				INFOPLIST_KEY_UISupportedInterfaceOrientations_iPhone = "UIInterfaceOrientationPortrait UIInterfaceOrientationLandscapeLeft UIInterfaceOrientationLandscapeRight";
				LD_RUNPATH_SEARCH_PATHS = (
					"$(inherited)",
					"@executable_path/Frameworks",
				);
				MARKETING_VERSION = 1.0;
				PRODUCT_BUNDLE_IDENTIFIER = "com.PaperStreetSoapCompany.MVVM-2";
				PRODUCT_NAME = "$(TARGET_NAME)";
				SWIFT_EMIT_LOC_STRINGS = YES;
				SWIFT_VERSION = 5.0;
				TARGETED_DEVICE_FAMILY = "1,2";
			};
			name = Debug;
		};
		7CDA04962837F67500AD2630 /* Release */ = {
			isa = XCBuildConfiguration;
			buildSettings = {
				ASSETCATALOG_COMPILER_APPICON_NAME = AppIcon;
				ASSETCATALOG_COMPILER_GLOBAL_ACCENT_COLOR_NAME = AccentColor;
				CODE_SIGN_STYLE = Automatic;
				CURRENT_PROJECT_VERSION = 1;
				DEVELOPMENT_TEAM = CRB59S3C59;
				GENERATE_INFOPLIST_FILE = YES;
				INFOPLIST_FILE = "MVVM-2/Info.plist";
				INFOPLIST_KEY_UIApplicationSupportsIndirectInputEvents = YES;
				INFOPLIST_KEY_UILaunchStoryboardName = LaunchScreen;
				INFOPLIST_KEY_UIMainStoryboardFile = Main;
				INFOPLIST_KEY_UISupportedInterfaceOrientations_iPad = "UIInterfaceOrientationPortrait UIInterfaceOrientationPortraitUpsideDown UIInterfaceOrientationLandscapeLeft UIInterfaceOrientationLandscapeRight";
				INFOPLIST_KEY_UISupportedInterfaceOrientations_iPhone = "UIInterfaceOrientationPortrait UIInterfaceOrientationLandscapeLeft UIInterfaceOrientationLandscapeRight";
				LD_RUNPATH_SEARCH_PATHS = (
					"$(inherited)",
					"@executable_path/Frameworks",
				);
				MARKETING_VERSION = 1.0;
				PRODUCT_BUNDLE_IDENTIFIER = "com.PaperStreetSoapCompany.MVVM-2";
				PRODUCT_NAME = "$(TARGET_NAME)";
				SWIFT_EMIT_LOC_STRINGS = YES;
				SWIFT_VERSION = 5.0;
				TARGETED_DEVICE_FAMILY = "1,2";
			};
			name = Release;
		};
/* End XCBuildConfiguration section */

/* Begin XCConfigurationList section */
		7CDA047B2837F67400AD2630 /* Build configuration list for PBXProject "MVVM-2" */ = {
			isa = XCConfigurationList;
			buildConfigurations = (
				7CDA04922837F67500AD2630 /* Debug */,
				7CDA04932837F67500AD2630 /* Release */,
			);
			defaultConfigurationIsVisible = 0;
			defaultConfigurationName = Release;
		};
		7CDA04942837F67500AD2630 /* Build configuration list for PBXNativeTarget "MVVM-2" */ = {
			isa = XCConfigurationList;
			buildConfigurations = (
				7CDA04952837F67500AD2630 /* Debug */,
				7CDA04962837F67500AD2630 /* Release */,
			);
			defaultConfigurationIsVisible = 0;
			defaultConfigurationName = Release;
		};
/* End XCConfigurationList section */
	};
	rootObject = 7CDA04782837F67400AD2630 /* Project object */;
}
